// !$*UTF8*$!
{
	archiveVersion = 1;
	classes = {
	};
	objectVersion = 56;
	objects = {

/* Begin PBXBuildFile section */
		84DE51CE2AA295B500BBC786 /* AppDelegate.swift in Sources */ = {isa = PBXBuildFile; fileRef = 84DE51CD2AA295B500BBC786 /* AppDelegate.swift */; };
		84DE51D02AA295B500BBC786 /* SceneDelegate.swift in Sources */ = {isa = PBXBuildFile; fileRef = 84DE51CF2AA295B500BBC786 /* SceneDelegate.swift */; };
		84DE51D52AA295B500BBC786 /* Main.storyboard in Resources */ = {isa = PBXBuildFile; fileRef = 84DE51D32AA295B500BBC786 /* Main.storyboard */; };
		84DE51D72AA295B600BBC786 /* Assets.xcassets in Resources */ = {isa = PBXBuildFile; fileRef = 84DE51D62AA295B600BBC786 /* Assets.xcassets */; };
		84DE51DA2AA295B600BBC786 /* LaunchScreen.storyboard in Resources */ = {isa = PBXBuildFile; fileRef = 84DE51D82AA295B600BBC786 /* LaunchScreen.storyboard */; };
		84DE51E52AA2961200BBC786 /* TurboNavigationController.swift in Sources */ = {isa = PBXBuildFile; fileRef = 84DE51E42AA2961200BBC786 /* TurboNavigationController.swift */; };
		84DE51E82AA2963500BBC786 /* Turbo in Frameworks */ = {isa = PBXBuildFile; productRef = 84DE51E72AA2963500BBC786 /* Turbo */; };
/* End PBXBuildFile section */

/* Begin PBXFileReference section */
		84DE51CA2AA295B500BBC786 /* Turbo Native.app */ = {isa = PBXFileReference; explicitFileType = wrapper.application; includeInIndex = 0; path = "Turbo Native.app"; sourceTree = BUILT_PRODUCTS_DIR; };
		84DE51CD2AA295B500BBC786 /* AppDelegate.swift */ = {isa = PBXFileReference; lastKnownFileType = sourcecode.swift; path = AppDelegate.swift; sourceTree = "<group>"; };
		84DE51CF2AA295B500BBC786 /* SceneDelegate.swift */ = {isa = PBXFileReference; lastKnownFileType = sourcecode.swift; path = SceneDelegate.swift; sourceTree = "<group>"; };
		84DE51D42AA295B500BBC786 /* Base */ = {isa = PBXFileReference; lastKnownFileType = file.storyboard; name = Base; path = Base.lproj/Main.storyboard; sourceTree = "<group>"; };
		84DE51D62AA295B600BBC786 /* Assets.xcassets */ = {isa = PBXFileReference; lastKnownFileType = folder.assetcatalog; path = Assets.xcassets; sourceTree = "<group>"; };
		84DE51D92AA295B600BBC786 /* Base */ = {isa = PBXFileReference; lastKnownFileType = file.storyboard; name = Base; path = Base.lproj/LaunchScreen.storyboard; sourceTree = "<group>"; };
		84DE51DB2AA295B600BBC786 /* Info.plist */ = {isa = PBXFileReference; lastKnownFileType = text.plist.xml; path = Info.plist; sourceTree = "<group>"; };
		84DE51E42AA2961200BBC786 /* TurboNavigationController.swift */ = {isa = PBXFileReference; lastKnownFileType = sourcecode.swift; path = TurboNavigationController.swift; sourceTree = "<group>"; };
/* End PBXFileReference section */

/* Begin PBXFrameworksBuildPhase section */
		84DE51C72AA295B500BBC786 /* Frameworks */ = {
			isa = PBXFrameworksBuildPhase;
			buildActionMask = 2147483647;
			files = (
				84DE51E82AA2963500BBC786 /* Turbo in Frameworks */,
			);
			runOnlyForDeploymentPostprocessing = 0;
		};
/* End PBXFrameworksBuildPhase section */

/* Begin PBXGroup section */
		84DE51C12AA295B500BBC786 = {
			isa = PBXGroup;
			children = (
				84DE51CC2AA295B500BBC786 /* App */,
				84DE51CB2AA295B500BBC786 /* Products */,
			);
			sourceTree = "<group>";
		};
		84DE51CB2AA295B500BBC786 /* Products */ = {
			isa = PBXGroup;
			children = (
				84DE51CA2AA295B500BBC786 /* Turbo Native.app */,
			);
			name = Products;
			sourceTree = "<group>";
		};
		84DE51CC2AA295B500BBC786 /* App */ = {
			isa = PBXGroup;
			children = (
				84DE51E22AA295BF00BBC786 /* Controllers */,
				84DE51E12AA295BA00BBC786 /* Delegates */,
				84DE51E32AA295C400BBC786 /* Resources */,
			);
			path = App;
			sourceTree = "<group>";
		};
		84DE51E12AA295BA00BBC786 /* Delegates */ = {
			isa = PBXGroup;
			children = (
				84DE51CD2AA295B500BBC786 /* AppDelegate.swift */,
				84DE51CF2AA295B500BBC786 /* SceneDelegate.swift */,
			);
			path = Delegates;
			sourceTree = "<group>";
		};
		84DE51E22AA295BF00BBC786 /* Controllers */ = {
			isa = PBXGroup;
			children = (
				84DE51E42AA2961200BBC786 /* TurboNavigationController.swift */,
			);
			path = Controllers;
			sourceTree = "<group>";
		};
		84DE51E32AA295C400BBC786 /* Resources */ = {
			isa = PBXGroup;
			children = (
				84DE51D32AA295B500BBC786 /* Main.storyboard */,
				84DE51D62AA295B600BBC786 /* Assets.xcassets */,
				84DE51D82AA295B600BBC786 /* LaunchScreen.storyboard */,
				84DE51DB2AA295B600BBC786 /* Info.plist */,
			);
			path = Resources;
			sourceTree = "<group>";
		};
/* End PBXGroup section */

/* Begin PBXNativeTarget section */
		84DE51C92AA295B500BBC786 /* Turbo Native */ = {
			isa = PBXNativeTarget;
			buildConfigurationList = 84DE51DE2AA295B600BBC786 /* Build configuration list for PBXNativeTarget "Turbo Native" */;
			buildPhases = (
				84DE51C62AA295B500BBC786 /* Sources */,
				84DE51C72AA295B500BBC786 /* Frameworks */,
				84DE51C82AA295B500BBC786 /* Resources */,
			);
			buildRules = (
			);
			dependencies = (
			);
			name = "Turbo Native";
			packageProductDependencies = (
				84DE51E72AA2963500BBC786 /* Turbo */,
			);
			productName = "Turbo Native";
			productReference = 84DE51CA2AA295B500BBC786 /* Turbo Native.app */;
			productType = "com.apple.product-type.application";
		};
/* End PBXNativeTarget section */

/* Begin PBXProject section */
		84DE51C22AA295B500BBC786 /* Project object */ = {
			isa = PBXProject;
			attributes = {
				BuildIndependentTargetsInParallel = 1;
				LastSwiftUpdateCheck = 1430;
				LastUpgradeCheck = 1430;
				TargetAttributes = {
					84DE51C92AA295B500BBC786 = {
						CreatedOnToolsVersion = 14.3;
					};
				};
			};
			buildConfigurationList = 84DE51C52AA295B500BBC786 /* Build configuration list for PBXProject "Turbo Native" */;
			compatibilityVersion = "Xcode 14.0";
			developmentRegion = en;
			hasScannedForEncodings = 0;
			knownRegions = (
				en,
				Base,
			);
			mainGroup = 84DE51C12AA295B500BBC786;
			packageReferences = (
				84DE51E62AA2963500BBC786 /* XCRemoteSwiftPackageReference "turbo-ios" */,
			);
			productRefGroup = 84DE51CB2AA295B500BBC786 /* Products */;
			projectDirPath = "";
			projectRoot = "";
			targets = (
				84DE51C92AA295B500BBC786 /* Turbo Native */,
			);
		};
/* End PBXProject section */

/* Begin PBXResourcesBuildPhase section */
		84DE51C82AA295B500BBC786 /* Resources */ = {
			isa = PBXResourcesBuildPhase;
			buildActionMask = 2147483647;
			files = (
				84DE51DA2AA295B600BBC786 /* LaunchScreen.storyboard in Resources */,
				84DE51D72AA295B600BBC786 /* Assets.xcassets in Resources */,
				84DE51D52AA295B500BBC786 /* Main.storyboard in Resources */,
			);
			runOnlyForDeploymentPostprocessing = 0;
		};
/* End PBXResourcesBuildPhase section */

/* Begin PBXSourcesBuildPhase section */
		84DE51C62AA295B500BBC786 /* Sources */ = {
			isa = PBXSourcesBuildPhase;
			buildActionMask = 2147483647;
			files = (
				84DE51E52AA2961200BBC786 /* TurboNavigationController.swift in Sources */,
				84DE51CE2AA295B500BBC786 /* AppDelegate.swift in Sources */,
				84DE51D02AA295B500BBC786 /* SceneDelegate.swift in Sources */,
			);
			runOnlyForDeploymentPostprocessing = 0;
		};
/* End PBXSourcesBuildPhase section */

/* Begin PBXVariantGroup section */
		84DE51D32AA295B500BBC786 /* Main.storyboard */ = {
			isa = PBXVariantGroup;
			children = (
				84DE51D42AA295B500BBC786 /* Base */,
			);
			name = Main.storyboard;
			sourceTree = "<group>";
		};
		84DE51D82AA295B600BBC786 /* LaunchScreen.storyboard */ = {
			isa = PBXVariantGroup;
			children = (
				84DE51D92AA295B600BBC786 /* Base */,
			);
			name = LaunchScreen.storyboard;
			sourceTree = "<group>";
		};
/* End PBXVariantGroup section */

/* Begin XCBuildConfiguration section */
		84DE51DC2AA295B600BBC786 /* Debug */ = {
			isa = XCBuildConfiguration;
			buildSettings = {
				ALWAYS_SEARCH_USER_PATHS = NO;
				CLANG_ANALYZER_NONNULL = YES;
				CLANG_ANALYZER_NUMBER_OBJECT_CONVERSION = YES_AGGRESSIVE;
				CLANG_CXX_LANGUAGE_STANDARD = "gnu++20";
				CLANG_ENABLE_MODULES = YES;
				CLANG_ENABLE_OBJC_ARC = YES;
				CLANG_ENABLE_OBJC_WEAK = YES;
				CLANG_WARN_BLOCK_CAPTURE_AUTORELEASING = YES;
				CLANG_WARN_BOOL_CONVERSION = YES;
				CLANG_WARN_COMMA = YES;
				CLANG_WARN_CONSTANT_CONVERSION = YES;
				CLANG_WARN_DEPRECATED_OBJC_IMPLEMENTATIONS = YES;
				CLANG_WARN_DIRECT_OBJC_ISA_USAGE = YES_ERROR;
				CLANG_WARN_DOCUMENTATION_COMMENTS = YES;
				CLANG_WARN_EMPTY_BODY = YES;
				CLANG_WARN_ENUM_CONVERSION = YES;
				CLANG_WARN_INFINITE_RECURSION = YES;
				CLANG_WARN_INT_CONVERSION = YES;
				CLANG_WARN_NON_LITERAL_NULL_CONVERSION = YES;
				CLANG_WARN_OBJC_IMPLICIT_RETAIN_SELF = YES;
				CLANG_WARN_OBJC_LITERAL_CONVERSION = YES;
				CLANG_WARN_OBJC_ROOT_CLASS = YES_ERROR;
				CLANG_WARN_QUOTED_INCLUDE_IN_FRAMEWORK_HEADER = YES;
				CLANG_WARN_RANGE_LOOP_ANALYSIS = YES;
				CLANG_WARN_STRICT_PROTOTYPES = YES;
				CLANG_WARN_SUSPICIOUS_MOVE = YES;
				CLANG_WARN_UNGUARDED_AVAILABILITY = YES_AGGRESSIVE;
				CLANG_WARN_UNREACHABLE_CODE = YES;
				CLANG_WARN__DUPLICATE_METHOD_MATCH = YES;
				COPY_PHASE_STRIP = NO;
				DEBUG_INFORMATION_FORMAT = dwarf;
				ENABLE_STRICT_OBJC_MSGSEND = YES;
				ENABLE_TESTABILITY = YES;
				GCC_C_LANGUAGE_STANDARD = gnu11;
				GCC_DYNAMIC_NO_PIC = NO;
				GCC_NO_COMMON_BLOCKS = YES;
				GCC_OPTIMIZATION_LEVEL = 0;
				GCC_PREPROCESSOR_DEFINITIONS = (
					"DEBUG=1",
					"$(inherited)",
				);
				GCC_WARN_64_TO_32_BIT_CONVERSION = YES;
				GCC_WARN_ABOUT_RETURN_TYPE = YES_ERROR;
				GCC_WARN_UNDECLARED_SELECTOR = YES;
				GCC_WARN_UNINITIALIZED_AUTOS = YES_AGGRESSIVE;
				GCC_WARN_UNUSED_FUNCTION = YES;
				GCC_WARN_UNUSED_VARIABLE = YES;
				IPHONEOS_DEPLOYMENT_TARGET = 16.4;
				MTL_ENABLE_DEBUG_INFO = INCLUDE_SOURCE;
				MTL_FAST_MATH = YES;
				ONLY_ACTIVE_ARCH = YES;
				SDKROOT = iphoneos;
				SWIFT_ACTIVE_COMPILATION_CONDITIONS = DEBUG;
				SWIFT_OPTIMIZATION_LEVEL = "-Onone";
			};
			name = Debug;
		};
		84DE51DD2AA295B600BBC786 /* Release */ = {
			isa = XCBuildConfiguration;
			buildSettings = {
				ALWAYS_SEARCH_USER_PATHS = NO;
				CLANG_ANALYZER_NONNULL = YES;
				CLANG_ANALYZER_NUMBER_OBJECT_CONVERSION = YES_AGGRESSIVE;
				CLANG_CXX_LANGUAGE_STANDARD = "gnu++20";
				CLANG_ENABLE_MODULES = YES;
				CLANG_ENABLE_OBJC_ARC = YES;
				CLANG_ENABLE_OBJC_WEAK = YES;
				CLANG_WARN_BLOCK_CAPTURE_AUTORELEASING = YES;
				CLANG_WARN_BOOL_CONVERSION = YES;
				CLANG_WARN_COMMA = YES;
				CLANG_WARN_CONSTANT_CONVERSION = YES;
				CLANG_WARN_DEPRECATED_OBJC_IMPLEMENTATIONS = YES;
				CLANG_WARN_DIRECT_OBJC_ISA_USAGE = YES_ERROR;
				CLANG_WARN_DOCUMENTATION_COMMENTS = YES;
				CLANG_WARN_EMPTY_BODY = YES;
				CLANG_WARN_ENUM_CONVERSION = YES;
				CLANG_WARN_INFINITE_RECURSION = YES;
				CLANG_WARN_INT_CONVERSION = YES;
				CLANG_WARN_NON_LITERAL_NULL_CONVERSION = YES;
				CLANG_WARN_OBJC_IMPLICIT_RETAIN_SELF = YES;
				CLANG_WARN_OBJC_LITERAL_CONVERSION = YES;
				CLANG_WARN_OBJC_ROOT_CLASS = YES_ERROR;
				CLANG_WARN_QUOTED_INCLUDE_IN_FRAMEWORK_HEADER = YES;
				CLANG_WARN_RANGE_LOOP_ANALYSIS = YES;
				CLANG_WARN_STRICT_PROTOTYPES = YES;
				CLANG_WARN_SUSPICIOUS_MOVE = YES;
				CLANG_WARN_UNGUARDED_AVAILABILITY = YES_AGGRESSIVE;
				CLANG_WARN_UNREACHABLE_CODE = YES;
				CLANG_WARN__DUPLICATE_METHOD_MATCH = YES;
				COPY_PHASE_STRIP = NO;
				DEBUG_INFORMATION_FORMAT = "dwarf-with-dsym";
				ENABLE_NS_ASSERTIONS = NO;
				ENABLE_STRICT_OBJC_MSGSEND = YES;
				GCC_C_LANGUAGE_STANDARD = gnu11;
				GCC_NO_COMMON_BLOCKS = YES;
				GCC_WARN_64_TO_32_BIT_CONVERSION = YES;
				GCC_WARN_ABOUT_RETURN_TYPE = YES_ERROR;
				GCC_WARN_UNDECLARED_SELECTOR = YES;
				GCC_WARN_UNINITIALIZED_AUTOS = YES_AGGRESSIVE;
				GCC_WARN_UNUSED_FUNCTION = YES;
				GCC_WARN_UNUSED_VARIABLE = YES;
				IPHONEOS_DEPLOYMENT_TARGET = 16.4;
				MTL_ENABLE_DEBUG_INFO = NO;
				MTL_FAST_MATH = YES;
				SDKROOT = iphoneos;
				SWIFT_COMPILATION_MODE = wholemodule;
				SWIFT_OPTIMIZATION_LEVEL = "-O";
				VALIDATE_PRODUCT = YES;
			};
			name = Release;
		};
		84DE51DF2AA295B600BBC786 /* Debug */ = {
			isa = XCBuildConfiguration;
			buildSettings = {
				ASSETCATALOG_COMPILER_APPICON_NAME = AppIcon;
				ASSETCATALOG_COMPILER_GLOBAL_ACCENT_COLOR_NAME = AccentColor;
				CODE_SIGN_STYLE = Automatic;
				CURRENT_PROJECT_VERSION = 1;
				GENERATE_INFOPLIST_FILE = YES;
				INFOPLIST_FILE = App/Resources/Info.plist;
				INFOPLIST_KEY_UIApplicationSupportsIndirectInputEvents = YES;
				INFOPLIST_KEY_UILaunchStoryboardName = LaunchScreen;
				INFOPLIST_KEY_UIMainStoryboardFile = Main;
				INFOPLIST_KEY_UISupportedInterfaceOrientations_iPad = "UIInterfaceOrientationPortrait UIInterfaceOrientationPortraitUpsideDown UIInterfaceOrientationLandscapeLeft UIInterfaceOrientationLandscapeRight";
				INFOPLIST_KEY_UISupportedInterfaceOrientations_iPhone = "UIInterfaceOrientationPortrait UIInterfaceOrientationLandscapeLeft UIInterfaceOrientationLandscapeRight";
				LD_RUNPATH_SEARCH_PATHS = (
					"$(inherited)",
					"@executable_path/Frameworks",
				);
				MARKETING_VERSION = 1.0;
				PRODUCT_BUNDLE_IDENTIFIER = "com.example.Turbo-Native";
				PRODUCT_NAME = "$(TARGET_NAME)";
				SWIFT_EMIT_LOC_STRINGS = YES;
				SWIFT_VERSION = 5.0;
				TARGETED_DEVICE_FAMILY = "1,2";
			};
			name = Debug;
		};
		84DE51E02AA295B600BBC786 /* Release */ = {
			isa = XCBuildConfiguration;
			buildSettings = {
				ASSETCATALOG_COMPILER_APPICON_NAME = AppIcon;
				ASSETCATALOG_COMPILER_GLOBAL_ACCENT_COLOR_NAME = AccentColor;
				CODE_SIGN_STYLE = Automatic;
				CURRENT_PROJECT_VERSION = 1;
				GENERATE_INFOPLIST_FILE = YES;
				INFOPLIST_FILE = App/Resources/Info.plist;
				INFOPLIST_KEY_UIApplicationSupportsIndirectInputEvents = YES;
				INFOPLIST_KEY_UILaunchStoryboardName = LaunchScreen;
				INFOPLIST_KEY_UIMainStoryboardFile = Main;
				INFOPLIST_KEY_UISupportedInterfaceOrientations_iPad = "UIInterfaceOrientationPortrait UIInterfaceOrientationPortraitUpsideDown UIInterfaceOrientationLandscapeLeft UIInterfaceOrientationLandscapeRight";
				INFOPLIST_KEY_UISupportedInterfaceOrientations_iPhone = "UIInterfaceOrientationPortrait UIInterfaceOrientationLandscapeLeft UIInterfaceOrientationLandscapeRight";
				LD_RUNPATH_SEARCH_PATHS = (
					"$(inherited)",
					"@executable_path/Frameworks",
				);
				MARKETING_VERSION = 1.0;
				PRODUCT_BUNDLE_IDENTIFIER = "com.example.Turbo-Native";
				PRODUCT_NAME = "$(TARGET_NAME)";
				SWIFT_EMIT_LOC_STRINGS = YES;
				SWIFT_VERSION = 5.0;
				TARGETED_DEVICE_FAMILY = "1,2";
			};
			name = Release;
		};
/* End XCBuildConfiguration section */

/* Begin XCConfigurationList section */
		84DE51C52AA295B500BBC786 /* Build configuration list for PBXProject "Turbo Native" */ = {
			isa = XCConfigurationList;
			buildConfigurations = (
				84DE51DC2AA295B600BBC786 /* Debug */,
				84DE51DD2AA295B600BBC786 /* Release */,
			);
			defaultConfigurationIsVisible = 0;
			defaultConfigurationName = Release;
		};
		84DE51DE2AA295B600BBC786 /* Build configuration list for PBXNativeTarget "Turbo Native" */ = {
			isa = XCConfigurationList;
			buildConfigurations = (
				84DE51DF2AA295B600BBC786 /* Debug */,
				84DE51E02AA295B600BBC786 /* Release */,
			);
			defaultConfigurationIsVisible = 0;
			defaultConfigurationName = Release;
		};
/* End XCConfigurationList section */

/* Begin XCRemoteSwiftPackageReference section */
		84DE51E62AA2963500BBC786 /* XCRemoteSwiftPackageReference "turbo-ios" */ = {
			isa = XCRemoteSwiftPackageReference;
			repositoryURL = "https://github.com/hotwired/turbo-ios";
			requirement = {
				kind = upToNextMajorVersion;
				minimumVersion = 7.0.0;
			};
		};
/* End XCRemoteSwiftPackageReference section */

/* Begin XCSwiftPackageProductDependency section */
		84DE51E72AA2963500BBC786 /* Turbo */ = {
			isa = XCSwiftPackageProductDependency;
			package = 84DE51E62AA2963500BBC786 /* XCRemoteSwiftPackageReference "turbo-ios" */;
			productName = Turbo;
		};
/* End XCSwiftPackageProductDependency section */
	};
	rootObject = 84DE51C22AA295B500BBC786 /* Project object */;
}
